
Microsoft Visual Studio Solution File, Format Version 12.00
# Visual Studio Version 17
VisualStudioVersion = 17.14.36301.6 d17.14
MinimumVisualStudioVersion = 10.0.40219.1
Project("{FAE04EC0-301F-11D3-BF4B-00C04F79EFBC}") = "StackOverFlow", "StackOverFlow\StackOverFlow.csproj", "{5DE80A5E-F9A9-45B9-83DF-5D4013A38343}"
EndProject
Global
	GlobalSection(SolutionConfigurationPlatforms) = preSolution
		Debug|Any CPU = Debug|Any CPU
		Release|Any CPU = Release|Any CPU
	EndGlobalSection
	GlobalSection(ProjectConfigurationPlatforms) = postSolution
		{5DE80A5E-F9A9-45B9-83DF-5D4013A38343}.Debug|Any CPU.ActiveCfg = Debug|Any CPU
		{5DE80A5E-F9A9-45B9-83DF-5D4013A38343}.Debug|Any CPU.Build.0 = Debug|Any CPU
		{5DE80A5E-F9A9-45B9-83DF-5D4013A38343}.Release|Any CPU.ActiveCfg = Release|Any CPU
		{5DE80A5E-F9A9-45B9-83DF-5D4013A38343}.Release|Any CPU.Build.0 = Release|Any CPU
	EndGlobalSection
	GlobalSection(SolutionProperties) = preSolution
		HideSolutionNode = FALSE
	EndGlobalSection
	GlobalSection(ExtensibilityGlobals) = postSolution
		SolutionGuid = {51325DE4-5395-43C6-8585-261CA56C92CE}
	EndGlobalSection
EndGlobal
